// !$*UTF8*$!
{
	archiveVersion = 1;
	classes = {
	};
	objectVersion = 46;
	objects = {

/* Begin PBXBuildFile section */
		6D0E82E01ED6B5D8006B1D4D /* main.m in Sources */ = {isa = PBXBuildFile; fileRef = 6D0E82DF1ED6B5D8006B1D4D /* main.m */; };
		6D0E82E31ED6B5D8006B1D4D /* AppDelegate.m in Sources */ = {isa = PBXBuildFile; fileRef = 6D0E82E21ED6B5D8006B1D4D /* AppDelegate.m */; };
		6D0E82E91ED6B5D8006B1D4D /* Main.storyboard in Resources */ = {isa = PBXBuildFile; fileRef = 6D0E82E71ED6B5D8006B1D4D /* Main.storyboard */; };
		6D0E82EB1ED6B5D8006B1D4D /* Assets.xcassets in Resources */ = {isa = PBXBuildFile; fileRef = 6D0E82EA1ED6B5D8006B1D4D /* Assets.xcassets */; };
		6D0E82EE1ED6B5D8006B1D4D /* LaunchScreen.storyboard in Resources */ = {isa = PBXBuildFile; fileRef = 6D0E82EC1ED6B5D8006B1D4D /* LaunchScreen.storyboard */; };
		6D0E82F91ED6B5D8006B1D4D /* YeahMinTests.m in Sources */ = {isa = PBXBuildFile; fileRef = 6D0E82F81ED6B5D8006B1D4D /* YeahMinTests.m */; };
		6D0E83051ED6BFD8006B1D4D /* MainViewController.m in Sources */ = {isa = PBXBuildFile; fileRef = 6D0E83041ED6BFD8006B1D4D /* MainViewController.m */; };
		6D0E83081ED6C06E006B1D4D /* FriendListViewController.m in Sources */ = {isa = PBXBuildFile; fileRef = 6D0E83071ED6C06E006B1D4D /* FriendListViewController.m */; };
		6D0E830B1ED6C08C006B1D4D /* AddFriendViewController.m in Sources */ = {isa = PBXBuildFile; fileRef = 6D0E830A1ED6C08C006B1D4D /* AddFriendViewController.m */; };
		6D0E830E1ED6C0AA006B1D4D /* FriendDetailViewController.m in Sources */ = {isa = PBXBuildFile; fileRef = 6D0E830D1ED6C0AA006B1D4D /* FriendDetailViewController.m */; };
		6D0E83111ED6C28F006B1D4D /* MATools.m in Sources */ = {isa = PBXBuildFile; fileRef = 6D0E83101ED6C28F006B1D4D /* MATools.m */; };
		6D0E83141ED6C311006B1D4D /* LibraryClass.m in Sources */ = {isa = PBXBuildFile; fileRef = 6D0E83131ED6C311006B1D4D /* LibraryClass.m */; };
		6D0E83191ED6CF75006B1D4D /* MainCell.m in Sources */ = {isa = PBXBuildFile; fileRef = 6D0E83171ED6CF75006B1D4D /* MainCell.m */; };
		6D0E831A1ED6CF75006B1D4D /* MainCell.xib in Resources */ = {isa = PBXBuildFile; fileRef = 6D0E83181ED6CF75006B1D4D /* MainCell.xib */; };
		6D0E83351ED6DB04006B1D4D /* addfriend_background.png in Resources */ = {isa = PBXBuildFile; fileRef = 6D0E831C1ED6DB04006B1D4D /* addfriend_background.png */; };
		6D0E83361ED6DB04006B1D4D /* addsasohan_background.png in Resources */ = {isa = PBXBuildFile; fileRef = 6D0E831D1ED6DB04006B1D4D /* addsasohan_background.png */; };
		6D0E83371ED6DB04006B1D4D /* btn_add.png in Resources */ = {isa = PBXBuildFile; fileRef = 6D0E831E1ED6DB04006B1D4D /* btn_add.png */; };
		6D0E83381ED6DB04006B1D4D /* btn_addfriend_background.png in Resources */ = {isa = PBXBuildFile; fileRef = 6D0E831F1ED6DB04006B1D4D /* btn_addfriend_background.png */; };
		6D0E83391ED6DB04006B1D4D /* btn_alarm.png in Resources */ = {isa = PBXBuildFile; fileRef = 6D0E83201ED6DB04006B1D4D /* btn_alarm.png */; };
		6D0E833A1ED6DB04006B1D4D /* btn_back.png in Resources */ = {isa = PBXBuildFile; fileRef = 6D0E83211ED6DB04006B1D4D /* btn_back.png */; };
		6D0E833B1ED6DB04006B1D4D /* btn_back2.png in Resources */ = {isa = PBXBuildFile; fileRef = 6D0E83221ED6DB04006B1D4D /* btn_back2.png */; };
		6D0E833C1ED6DB04006B1D4D /* btn_cancel.png in Resources */ = {isa = PBXBuildFile; fileRef = 6D0E83231ED6DB04006B1D4D /* btn_cancel.png */; };
		6D0E833D1ED6DB04006B1D4D /* btn_gotolist.png in Resources */ = {isa = PBXBuildFile; fileRef = 6D0E83241ED6DB04006B1D4D /* btn_gotolist.png */; };
		6D0E833E1ED6DB04006B1D4D /* btn_save.png in Resources */ = {isa = PBXBuildFile; fileRef = 6D0E83251ED6DB04006B1D4D /* btn_save.png */; };
		6D0E833F1ED6DB04006B1D4D /* edit.png in Resources */ = {isa = PBXBuildFile; fileRef = 6D0E83261ED6DB04006B1D4D /* edit.png */; };
		6D0E83401ED6DB04006B1D4D /* heart.png in Resources */ = {isa = PBXBuildFile; fileRef = 6D0E83271ED6DB04006B1D4D /* heart.png */; };
		6D0E83411ED6DB04006B1D4D /* img_pic.png in Resources */ = {isa = PBXBuildFile; fileRef = 6D0E83281ED6DB04006B1D4D /* img_pic.png */; };
		6D0E83421ED6DB04006B1D4D /* imgq.png in Resources */ = {isa = PBXBuildFile; fileRef = 6D0E83291ED6DB04006B1D4D /* imgq.png */; };
		6D0E83431ED6DB04006B1D4D /* list_background.png in Resources */ = {isa = PBXBuildFile; fileRef = 6D0E832A1ED6DB04006B1D4D /* list_background.png */; };
		6D0E83441ED6DB04006B1D4D /* list_round.png in Resources */ = {isa = PBXBuildFile; fileRef = 6D0E832B1ED6DB04006B1D4D /* list_round.png */; };
		6D0E83451ED6DB04006B1D4D /* main_background.png in Resources */ = {isa = PBXBuildFile; fileRef = 6D0E832C1ED6DB04006B1D4D /* main_background.png */; };
		6D0E83461ED6DB04006B1D4D /* main_background2.png in Resources */ = {isa = PBXBuildFile; fileRef = 6D0E832D1ED6DB04006B1D4D /* main_background2.png */; };
		6D0E83471ED6DB04006B1D4D /* maincard_background.png in Resources */ = {isa = PBXBuildFile; fileRef = 6D0E832E1ED6DB04006B1D4D /* maincard_background.png */; };
		6D0E83481ED6DB04006B1D4D /* maincard_background1.png in Resources */ = {isa = PBXBuildFile; fileRef = 6D0E832F1ED6DB04006B1D4D /* maincard_background1.png */; };
		6D0E83491ED6DB04006B1D4D /* maincard_shadow.png in Resources */ = {isa = PBXBuildFile; fileRef = 6D0E83301ED6DB04006B1D4D /* maincard_shadow.png */; };
		6D0E834A1ED6DB04006B1D4D /* maincard_topper.png in Resources */ = {isa = PBXBuildFile; fileRef = 6D0E83311ED6DB04006B1D4D /* maincard_topper.png */; };
		6D0E834B1ED6DB04006B1D4D /* nonheart.png in Resources */ = {isa = PBXBuildFile; fileRef = 6D0E83321ED6DB04006B1D4D /* nonheart.png */; };
		6D0E834C1ED6DB04006B1D4D /* outline.png in Resources */ = {isa = PBXBuildFile; fileRef = 6D0E83331ED6DB04006B1D4D /* outline.png */; };
		6D0E834D1ED6DB04006B1D4D /* ssh.png in Resources */ = {isa = PBXBuildFile; fileRef = 6D0E83341ED6DB04006B1D4D /* ssh.png */; };
		6D42E2E21EE015E90037B0C3 /* YRCoverFlowLayout.m in Sources */ = {isa = PBXBuildFile; fileRef = 6D42E2E11EE015E90037B0C3 /* YRCoverFlowLayout.m */; };
		6D5B2DD71ED7F3C900F6F7C8 /* AlarmViewController.m in Sources */ = {isa = PBXBuildFile; fileRef = 6D5B2DD51ED7F3C900F6F7C8 /* AlarmViewController.m */; };
		6D5B2DD81ED7F3C900F6F7C8 /* AlarmViewController.xib in Resources */ = {isa = PBXBuildFile; fileRef = 6D5B2DD61ED7F3C900F6F7C8 /* AlarmViewController.xib */; };
		6D5B2DDB1ED7FAC900F6F7C8 /* BaseViewController.m in Sources */ = {isa = PBXBuildFile; fileRef = 6D5B2DDA1ED7FAC900F6F7C8 /* BaseViewController.m */; };
		6D5B2DDF1ED81C1100F6F7C8 /* ListCell.m in Sources */ = {isa = PBXBuildFile; fileRef = 6D5B2DDD1ED81C1100F6F7C8 /* ListCell.m */; };
		6D5B2DE01ED81C1100F6F7C8 /* ListCell.xib in Resources */ = {isa = PBXBuildFile; fileRef = 6D5B2DDE1ED81C1100F6F7C8 /* ListCell.xib */; };
		77B99315FB21CBE3898E72F6 /* Pods_YeahMin.framework in Frameworks */ = {isa = PBXBuildFile; fileRef = 1BC82A094A111C4A9636D494 /* Pods_YeahMin.framework */; };
		FB7E94487E7C2B2420379A4F /* Pods_YeahMinTests.framework in Frameworks */ = {isa = PBXBuildFile; fileRef = F67E16365B3A9B9DDDB8FBB3 /* Pods_YeahMinTests.framework */; };
/* End PBXBuildFile section */

/* Begin PBXContainerItemProxy section */
		6D0E82F51ED6B5D8006B1D4D /* PBXContainerItemProxy */ = {
			isa = PBXContainerItemProxy;
			containerPortal = 6D0E82D31ED6B5D8006B1D4D /* Project object */;
			proxyType = 1;
			remoteGlobalIDString = 6D0E82DA1ED6B5D8006B1D4D;
			remoteInfo = YeahMin;
		};
/* End PBXContainerItemProxy section */

/* Begin PBXFileReference section */
		06FCAAA0325031CB59D09AA1 /* Pods-YeahMin.debug.xcconfig */ = {isa = PBXFileReference; includeInIndex = 1; lastKnownFileType = text.xcconfig; name = "Pods-YeahMin.debug.xcconfig"; path = "Pods/Target Support Files/Pods-YeahMin/Pods-YeahMin.debug.xcconfig"; sourceTree = "<group>"; };
		0FBB496EA256AC5162858DC6 /* Pods-YeahMin.release.xcconfig */ = {isa = PBXFileReference; includeInIndex = 1; lastKnownFileType = text.xcconfig; name = "Pods-YeahMin.release.xcconfig"; path = "Pods/Target Support Files/Pods-YeahMin/Pods-YeahMin.release.xcconfig"; sourceTree = "<group>"; };
		1BC82A094A111C4A9636D494 /* Pods_YeahMin.framework */ = {isa = PBXFileReference; explicitFileType = wrapper.framework; includeInIndex = 0; path = Pods_YeahMin.framework; sourceTree = BUILT_PRODUCTS_DIR; };
		6D0E82DB1ED6B5D8006B1D4D /* YeahMin.app */ = {isa = PBXFileReference; explicitFileType = wrapper.application; includeInIndex = 0; path = YeahMin.app; sourceTree = BUILT_PRODUCTS_DIR; };
		6D0E82DF1ED6B5D8006B1D4D /* main.m */ = {isa = PBXFileReference; lastKnownFileType = sourcecode.c.objc; path = main.m; sourceTree = "<group>"; };
		6D0E82E11ED6B5D8006B1D4D /* AppDelegate.h */ = {isa = PBXFileReference; lastKnownFileType = sourcecode.c.h; path = AppDelegate.h; sourceTree = "<group>"; };
		6D0E82E21ED6B5D8006B1D4D /* AppDelegate.m */ = {isa = PBXFileReference; lastKnownFileType = sourcecode.c.objc; path = AppDelegate.m; sourceTree = "<group>"; };
		6D0E82E81ED6B5D8006B1D4D /* Base */ = {isa = PBXFileReference; lastKnownFileType = file.storyboard; name = Base; path = Base.lproj/Main.storyboard; sourceTree = "<group>"; };
		6D0E82EA1ED6B5D8006B1D4D /* Assets.xcassets */ = {isa = PBXFileReference; lastKnownFileType = folder.assetcatalog; path = Assets.xcassets; sourceTree = "<group>"; };
		6D0E82ED1ED6B5D8006B1D4D /* Base */ = {isa = PBXFileReference; lastKnownFileType = file.storyboard; name = Base; path = Base.lproj/LaunchScreen.storyboard; sourceTree = "<group>"; };
		6D0E82EF1ED6B5D8006B1D4D /* Info.plist */ = {isa = PBXFileReference; lastKnownFileType = text.plist.xml; path = Info.plist; sourceTree = "<group>"; };
		6D0E82F41ED6B5D8006B1D4D /* YeahMinTests.xctest */ = {isa = PBXFileReference; explicitFileType = wrapper.cfbundle; includeInIndex = 0; path = YeahMinTests.xctest; sourceTree = BUILT_PRODUCTS_DIR; };
		6D0E82F81ED6B5D8006B1D4D /* YeahMinTests.m */ = {isa = PBXFileReference; lastKnownFileType = sourcecode.c.objc; path = YeahMinTests.m; sourceTree = "<group>"; };
		6D0E82FA1ED6B5D8006B1D4D /* Info.plist */ = {isa = PBXFileReference; lastKnownFileType = text.plist.xml; path = Info.plist; sourceTree = "<group>"; };
		6D0E83031ED6BFD8006B1D4D /* MainViewController.h */ = {isa = PBXFileReference; fileEncoding = 4; lastKnownFileType = sourcecode.c.h; path = MainViewController.h; sourceTree = "<group>"; };
		6D0E83041ED6BFD8006B1D4D /* MainViewController.m */ = {isa = PBXFileReference; fileEncoding = 4; lastKnownFileType = sourcecode.c.objc; path = MainViewController.m; sourceTree = "<group>"; };
		6D0E83061ED6C06E006B1D4D /* FriendListViewController.h */ = {isa = PBXFileReference; fileEncoding = 4; lastKnownFileType = sourcecode.c.h; path = FriendListViewController.h; sourceTree = "<group>"; };
		6D0E83071ED6C06E006B1D4D /* FriendListViewController.m */ = {isa = PBXFileReference; fileEncoding = 4; lastKnownFileType = sourcecode.c.objc; path = FriendListViewController.m; sourceTree = "<group>"; };
		6D0E83091ED6C08C006B1D4D /* AddFriendViewController.h */ = {isa = PBXFileReference; fileEncoding = 4; lastKnownFileType = sourcecode.c.h; path = AddFriendViewController.h; sourceTree = "<group>"; };
		6D0E830A1ED6C08C006B1D4D /* AddFriendViewController.m */ = {isa = PBXFileReference; fileEncoding = 4; lastKnownFileType = sourcecode.c.objc; path = AddFriendViewController.m; sourceTree = "<group>"; };
		6D0E830C1ED6C0AA006B1D4D /* FriendDetailViewController.h */ = {isa = PBXFileReference; fileEncoding = 4; lastKnownFileType = sourcecode.c.h; path = FriendDetailViewController.h; sourceTree = "<group>"; };
		6D0E830D1ED6C0AA006B1D4D /* FriendDetailViewController.m */ = {isa = PBXFileReference; fileEncoding = 4; lastKnownFileType = sourcecode.c.objc; path = FriendDetailViewController.m; sourceTree = "<group>"; };
		6D0E830F1ED6C28F006B1D4D /* MATools.h */ = {isa = PBXFileReference; fileEncoding = 4; lastKnownFileType = sourcecode.c.h; path = MATools.h; sourceTree = "<group>"; };
		6D0E83101ED6C28F006B1D4D /* MATools.m */ = {isa = PBXFileReference; fileEncoding = 4; lastKnownFileType = sourcecode.c.objc; path = MATools.m; sourceTree = "<group>"; };
		6D0E83121ED6C311006B1D4D /* LibraryClass.h */ = {isa = PBXFileReference; fileEncoding = 4; lastKnownFileType = sourcecode.c.h; path = LibraryClass.h; sourceTree = "<group>"; };
		6D0E83131ED6C311006B1D4D /* LibraryClass.m */ = {isa = PBXFileReference; fileEncoding = 4; lastKnownFileType = sourcecode.c.objc; path = LibraryClass.m; sourceTree = "<group>"; };
		6D0E83151ED6C472006B1D4D /* PrefixHeader.pch */ = {isa = PBXFileReference; lastKnownFileType = sourcecode.c.h; path = PrefixHeader.pch; sourceTree = "<group>"; };
		6D0E83161ED6CF75006B1D4D /* MainCell.h */ = {isa = PBXFileReference; fileEncoding = 4; lastKnownFileType = sourcecode.c.h; path = MainCell.h; sourceTree = "<group>"; };
		6D0E83171ED6CF75006B1D4D /* MainCell.m */ = {isa = PBXFileReference; fileEncoding = 4; lastKnownFileType = sourcecode.c.objc; path = MainCell.m; sourceTree = "<group>"; };
		6D0E83181ED6CF75006B1D4D /* MainCell.xib */ = {isa = PBXFileReference; fileEncoding = 4; lastKnownFileType = file.xib; path = MainCell.xib; sourceTree = "<group>"; };
		6D0E831C1ED6DB04006B1D4D /* addfriend_background.png */ = {isa = PBXFileReference; lastKnownFileType = image.png; path = addfriend_background.png; sourceTree = "<group>"; };
		6D0E831D1ED6DB04006B1D4D /* addsasohan_background.png */ = {isa = PBXFileReference; lastKnownFileType = image.png; path = addsasohan_background.png; sourceTree = "<group>"; };
		6D0E831E1ED6DB04006B1D4D /* btn_add.png */ = {isa = PBXFileReference; lastKnownFileType = image.png; path = btn_add.png; sourceTree = "<group>"; };
		6D0E831F1ED6DB04006B1D4D /* btn_addfriend_background.png */ = {isa = PBXFileReference; lastKnownFileType = image.png; path = btn_addfriend_background.png; sourceTree = "<group>"; };
		6D0E83201ED6DB04006B1D4D /* btn_alarm.png */ = {isa = PBXFileReference; lastKnownFileType = image.png; path = btn_alarm.png; sourceTree = "<group>"; };
		6D0E83211ED6DB04006B1D4D /* btn_back.png */ = {isa = PBXFileReference; lastKnownFileType = image.png; path = btn_back.png; sourceTree = "<group>"; };
		6D0E83221ED6DB04006B1D4D /* btn_back2.png */ = {isa = PBXFileReference; lastKnownFileType = image.png; path = btn_back2.png; sourceTree = "<group>"; };
		6D0E83231ED6DB04006B1D4D /* btn_cancel.png */ = {isa = PBXFileReference; lastKnownFileType = image.png; path = btn_cancel.png; sourceTree = "<group>"; };
		6D0E83241ED6DB04006B1D4D /* btn_gotolist.png */ = {isa = PBXFileReference; lastKnownFileType = image.png; path = btn_gotolist.png; sourceTree = "<group>"; };
		6D0E83251ED6DB04006B1D4D /* btn_save.png */ = {isa = PBXFileReference; lastKnownFileType = image.png; path = btn_save.png; sourceTree = "<group>"; };
		6D0E83261ED6DB04006B1D4D /* edit.png */ = {isa = PBXFileReference; lastKnownFileType = image.png; path = edit.png; sourceTree = "<group>"; };
		6D0E83271ED6DB04006B1D4D /* heart.png */ = {isa = PBXFileReference; lastKnownFileType = image.png; path = heart.png; sourceTree = "<group>"; };
		6D0E83281ED6DB04006B1D4D /* img_pic.png */ = {isa = PBXFileReference; lastKnownFileType = image.png; path = img_pic.png; sourceTree = "<group>"; };
		6D0E83291ED6DB04006B1D4D /* imgq.png */ = {isa = PBXFileReference; lastKnownFileType = image.png; path = imgq.png; sourceTree = "<group>"; };
		6D0E832A1ED6DB04006B1D4D /* list_background.png */ = {isa = PBXFileReference; lastKnownFileType = image.png; path = list_background.png; sourceTree = "<group>"; };
		6D0E832B1ED6DB04006B1D4D /* list_round.png */ = {isa = PBXFileReference; lastKnownFileType = image.png; path = list_round.png; sourceTree = "<group>"; };
		6D0E832C1ED6DB04006B1D4D /* main_background.png */ = {isa = PBXFileReference; lastKnownFileType = image.png; path = main_background.png; sourceTree = "<group>"; };
		6D0E832D1ED6DB04006B1D4D /* main_background2.png */ = {isa = PBXFileReference; lastKnownFileType = image.png; path = main_background2.png; sourceTree = "<group>"; };
		6D0E832E1ED6DB04006B1D4D /* maincard_background.png */ = {isa = PBXFileReference; lastKnownFileType = image.png; path = maincard_background.png; sourceTree = "<group>"; };
		6D0E832F1ED6DB04006B1D4D /* maincard_background1.png */ = {isa = PBXFileReference; lastKnownFileType = image.png; path = maincard_background1.png; sourceTree = "<group>"; };
		6D0E83301ED6DB04006B1D4D /* maincard_shadow.png */ = {isa = PBXFileReference; lastKnownFileType = image.png; path = maincard_shadow.png; sourceTree = "<group>"; };
		6D0E83311ED6DB04006B1D4D /* maincard_topper.png */ = {isa = PBXFileReference; lastKnownFileType = image.png; path = maincard_topper.png; sourceTree = "<group>"; };
		6D0E83321ED6DB04006B1D4D /* nonheart.png */ = {isa = PBXFileReference; lastKnownFileType = image.png; path = nonheart.png; sourceTree = "<group>"; };
		6D0E83331ED6DB04006B1D4D /* outline.png */ = {isa = PBXFileReference; lastKnownFileType = image.png; path = outline.png; sourceTree = "<group>"; };
		6D0E83341ED6DB04006B1D4D /* ssh.png */ = {isa = PBXFileReference; lastKnownFileType = image.png; path = ssh.png; sourceTree = "<group>"; };
		6D42E2E01EE015E90037B0C3 /* YRCoverFlowLayout.h */ = {isa = PBXFileReference; fileEncoding = 4; lastKnownFileType = sourcecode.c.h; path = YRCoverFlowLayout.h; sourceTree = "<group>"; };
		6D42E2E11EE015E90037B0C3 /* YRCoverFlowLayout.m */ = {isa = PBXFileReference; fileEncoding = 4; lastKnownFileType = sourcecode.c.objc; path = YRCoverFlowLayout.m; sourceTree = "<group>"; };
		6D5B2DD41ED7F3C900F6F7C8 /* AlarmViewController.h */ = {isa = PBXFileReference; fileEncoding = 4; lastKnownFileType = sourcecode.c.h; path = AlarmViewController.h; sourceTree = "<group>"; };
		6D5B2DD51ED7F3C900F6F7C8 /* AlarmViewController.m */ = {isa = PBXFileReference; fileEncoding = 4; lastKnownFileType = sourcecode.c.objc; path = AlarmViewController.m; sourceTree = "<group>"; };
		6D5B2DD61ED7F3C900F6F7C8 /* AlarmViewController.xib */ = {isa = PBXFileReference; fileEncoding = 4; lastKnownFileType = file.xib; path = AlarmViewController.xib; sourceTree = "<group>"; };
		6D5B2DD91ED7FAC900F6F7C8 /* BaseViewController.h */ = {isa = PBXFileReference; fileEncoding = 4; lastKnownFileType = sourcecode.c.h; path = BaseViewController.h; sourceTree = "<group>"; };
		6D5B2DDA1ED7FAC900F6F7C8 /* BaseViewController.m */ = {isa = PBXFileReference; fileEncoding = 4; lastKnownFileType = sourcecode.c.objc; path = BaseViewController.m; sourceTree = "<group>"; };
		6D5B2DDC1ED81C1100F6F7C8 /* ListCell.h */ = {isa = PBXFileReference; fileEncoding = 4; lastKnownFileType = sourcecode.c.h; path = ListCell.h; sourceTree = "<group>"; };
		6D5B2DDD1ED81C1100F6F7C8 /* ListCell.m */ = {isa = PBXFileReference; fileEncoding = 4; lastKnownFileType = sourcecode.c.objc; path = ListCell.m; sourceTree = "<group>"; };
		6D5B2DDE1ED81C1100F6F7C8 /* ListCell.xib */ = {isa = PBXFileReference; fileEncoding = 4; lastKnownFileType = file.xib; path = ListCell.xib; sourceTree = "<group>"; };
		DE0A9B60FB29DDA80188C099 /* Pods-YeahMinTests.debug.xcconfig */ = {isa = PBXFileReference; includeInIndex = 1; lastKnownFileType = text.xcconfig; name = "Pods-YeahMinTests.debug.xcconfig"; path = "Pods/Target Support Files/Pods-YeahMinTests/Pods-YeahMinTests.debug.xcconfig"; sourceTree = "<group>"; };
		E02A46B912B2EB5EC74715BA /* Pods-YeahMinTests.release.xcconfig */ = {isa = PBXFileReference; includeInIndex = 1; lastKnownFileType = text.xcconfig; name = "Pods-YeahMinTests.release.xcconfig"; path = "Pods/Target Support Files/Pods-YeahMinTests/Pods-YeahMinTests.release.xcconfig"; sourceTree = "<group>"; };
		F67E16365B3A9B9DDDB8FBB3 /* Pods_YeahMinTests.framework */ = {isa = PBXFileReference; explicitFileType = wrapper.framework; includeInIndex = 0; path = Pods_YeahMinTests.framework; sourceTree = BUILT_PRODUCTS_DIR; };
/* End PBXFileReference section */

/* Begin PBXFrameworksBuildPhase section */
		6D0E82D81ED6B5D8006B1D4D /* Frameworks */ = {
			isa = PBXFrameworksBuildPhase;
			buildActionMask = 2147483647;
			files = (
				77B99315FB21CBE3898E72F6 /* Pods_YeahMin.framework in Frameworks */,
			);
			runOnlyForDeploymentPostprocessing = 0;
		};
		6D0E82F11ED6B5D8006B1D4D /* Frameworks */ = {
			isa = PBXFrameworksBuildPhase;
			buildActionMask = 2147483647;
			files = (
				FB7E94487E7C2B2420379A4F /* Pods_YeahMinTests.framework in Frameworks */,
			);
			runOnlyForDeploymentPostprocessing = 0;
		};
/* End PBXFrameworksBuildPhase section */

/* Begin PBXGroup section */
		43EC6131883C40381ECCA378 /* Pods */ = {
			isa = PBXGroup;
			children = (
				06FCAAA0325031CB59D09AA1 /* Pods-YeahMin.debug.xcconfig */,
				0FBB496EA256AC5162858DC6 /* Pods-YeahMin.release.xcconfig */,
				DE0A9B60FB29DDA80188C099 /* Pods-YeahMinTests.debug.xcconfig */,
				E02A46B912B2EB5EC74715BA /* Pods-YeahMinTests.release.xcconfig */,
			);
			name = Pods;
			sourceTree = "<group>";
		};
		50410EAD59AD0DDD236524B5 /* Frameworks */ = {
			isa = PBXGroup;
			children = (
				1BC82A094A111C4A9636D494 /* Pods_YeahMin.framework */,
				F67E16365B3A9B9DDDB8FBB3 /* Pods_YeahMinTests.framework */,
			);
			name = Frameworks;
			sourceTree = "<group>";
		};
		6D0E82D21ED6B5D8006B1D4D = {
			isa = PBXGroup;
			children = (
				6D0E82DD1ED6B5D8006B1D4D /* YeahMin */,
				6D0E82F71ED6B5D8006B1D4D /* YeahMinTests */,
				6D0E82DC1ED6B5D8006B1D4D /* Products */,
				43EC6131883C40381ECCA378 /* Pods */,
				50410EAD59AD0DDD236524B5 /* Frameworks */,
			);
			sourceTree = "<group>";
		};
		6D0E82DC1ED6B5D8006B1D4D /* Products */ = {
			isa = PBXGroup;
			children = (
				6D0E82DB1ED6B5D8006B1D4D /* YeahMin.app */,
				6D0E82F41ED6B5D8006B1D4D /* YeahMinTests.xctest */,
			);
			name = Products;
			sourceTree = "<group>";
		};
		6D0E82DD1ED6B5D8006B1D4D /* YeahMin */ = {
			isa = PBXGroup;
			children = (
				6D42E2E01EE015E90037B0C3 /* YRCoverFlowLayout.h */,
				6D42E2E11EE015E90037B0C3 /* YRCoverFlowLayout.m */,
				6D0E831B1ED6DB04006B1D4D /* Resource */,
				6D0E82E11ED6B5D8006B1D4D /* AppDelegate.h */,
				6D0E82E21ED6B5D8006B1D4D /* AppDelegate.m */,
				6D0E82E71ED6B5D8006B1D4D /* Main.storyboard */,
				6D0E82EA1ED6B5D8006B1D4D /* Assets.xcassets */,
				6D0E82EC1ED6B5D8006B1D4D /* LaunchScreen.storyboard */,
				6D0E82EF1ED6B5D8006B1D4D /* Info.plist */,
				6D0E82DE1ED6B5D8006B1D4D /* Supporting Files */,
				6D0E83031ED6BFD8006B1D4D /* MainViewController.h */,
				6D0E83041ED6BFD8006B1D4D /* MainViewController.m */,
				6D0E83161ED6CF75006B1D4D /* MainCell.h */,
				6D0E83171ED6CF75006B1D4D /* MainCell.m */,
				6D0E83181ED6CF75006B1D4D /* MainCell.xib */,
				6D5B2DD41ED7F3C900F6F7C8 /* AlarmViewController.h */,
				6D5B2DD51ED7F3C900F6F7C8 /* AlarmViewController.m */,
				6D5B2DD61ED7F3C900F6F7C8 /* AlarmViewController.xib */,
				6D0E83061ED6C06E006B1D4D /* FriendListViewController.h */,
				6D0E83071ED6C06E006B1D4D /* FriendListViewController.m */,
				6D5B2DDC1ED81C1100F6F7C8 /* ListCell.h */,
				6D5B2DDD1ED81C1100F6F7C8 /* ListCell.m */,
				6D5B2DDE1ED81C1100F6F7C8 /* ListCell.xib */,
				6D0E83091ED6C08C006B1D4D /* AddFriendViewController.h */,
				6D0E830A1ED6C08C006B1D4D /* AddFriendViewController.m */,
				6D0E830C1ED6C0AA006B1D4D /* FriendDetailViewController.h */,
				6D0E830D1ED6C0AA006B1D4D /* FriendDetailViewController.m */,
				6D0E830F1ED6C28F006B1D4D /* MATools.h */,
				6D0E83101ED6C28F006B1D4D /* MATools.m */,
				6D0E83121ED6C311006B1D4D /* LibraryClass.h */,
				6D0E83131ED6C311006B1D4D /* LibraryClass.m */,
				6D0E83151ED6C472006B1D4D /* PrefixHeader.pch */,
				6D5B2DD91ED7FAC900F6F7C8 /* BaseViewController.h */,
				6D5B2DDA1ED7FAC900F6F7C8 /* BaseViewController.m */,
			);
			path = YeahMin;
			sourceTree = "<group>";
		};
		6D0E82DE1ED6B5D8006B1D4D /* Supporting Files */ = {
			isa = PBXGroup;
			children = (
				6D0E82DF1ED6B5D8006B1D4D /* main.m */,
			);
			name = "Supporting Files";
			sourceTree = "<group>";
		};
		6D0E82F71ED6B5D8006B1D4D /* YeahMinTests */ = {
			isa = PBXGroup;
			children = (
				6D0E82F81ED6B5D8006B1D4D /* YeahMinTests.m */,
				6D0E82FA1ED6B5D8006B1D4D /* Info.plist */,
			);
			path = YeahMinTests;
			sourceTree = "<group>";
		};
		6D0E831B1ED6DB04006B1D4D /* Resource */ = {
			isa = PBXGroup;
			children = (
				6D0E831C1ED6DB04006B1D4D /* addfriend_background.png */,
				6D0E831D1ED6DB04006B1D4D /* addsasohan_background.png */,
				6D0E831E1ED6DB04006B1D4D /* btn_add.png */,
				6D0E831F1ED6DB04006B1D4D /* btn_addfriend_background.png */,
				6D0E83201ED6DB04006B1D4D /* btn_alarm.png */,
				6D0E83211ED6DB04006B1D4D /* btn_back.png */,
				6D0E83221ED6DB04006B1D4D /* btn_back2.png */,
				6D0E83231ED6DB04006B1D4D /* btn_cancel.png */,
				6D0E83241ED6DB04006B1D4D /* btn_gotolist.png */,
				6D0E83251ED6DB04006B1D4D /* btn_save.png */,
				6D0E83261ED6DB04006B1D4D /* edit.png */,
				6D0E83271ED6DB04006B1D4D /* heart.png */,
				6D0E83281ED6DB04006B1D4D /* img_pic.png */,
				6D0E83291ED6DB04006B1D4D /* imgq.png */,
				6D0E832A1ED6DB04006B1D4D /* list_background.png */,
				6D0E832B1ED6DB04006B1D4D /* list_round.png */,
				6D0E832C1ED6DB04006B1D4D /* main_background.png */,
				6D0E832D1ED6DB04006B1D4D /* main_background2.png */,
				6D0E832E1ED6DB04006B1D4D /* maincard_background.png */,
				6D0E832F1ED6DB04006B1D4D /* maincard_background1.png */,
				6D0E83301ED6DB04006B1D4D /* maincard_shadow.png */,
				6D0E83311ED6DB04006B1D4D /* maincard_topper.png */,
				6D0E83321ED6DB04006B1D4D /* nonheart.png */,
				6D0E83331ED6DB04006B1D4D /* outline.png */,
				6D0E83341ED6DB04006B1D4D /* ssh.png */,
			);
			path = Resource;
			sourceTree = "<group>";
		};
/* End PBXGroup section */

/* Begin PBXNativeTarget section */
		6D0E82DA1ED6B5D8006B1D4D /* YeahMin */ = {
			isa = PBXNativeTarget;
			buildConfigurationList = 6D0E82FD1ED6B5D8006B1D4D /* Build configuration list for PBXNativeTarget "YeahMin" */;
			buildPhases = (
				1A2F80C9EB48A49A4DA0C92B /* [CP] Check Pods Manifest.lock */,
				6D0E82D71ED6B5D8006B1D4D /* Sources */,
				6D0E82D81ED6B5D8006B1D4D /* Frameworks */,
				6D0E82D91ED6B5D8006B1D4D /* Resources */,
				5B1070C4FEF41586B8ACA5A5 /* [CP] Embed Pods Frameworks */,
				53A87A446E8BA9E8510F317E /* [CP] Copy Pods Resources */,
			);
			buildRules = (
			);
			dependencies = (
			);
			name = YeahMin;
			productName = YeahMin;
			productReference = 6D0E82DB1ED6B5D8006B1D4D /* YeahMin.app */;
			productType = "com.apple.product-type.application";
		};
		6D0E82F31ED6B5D8006B1D4D /* YeahMinTests */ = {
			isa = PBXNativeTarget;
			buildConfigurationList = 6D0E83001ED6B5D8006B1D4D /* Build configuration list for PBXNativeTarget "YeahMinTests" */;
			buildPhases = (
				D1AAA074F28578A05AB83AC6 /* [CP] Check Pods Manifest.lock */,
				6D0E82F01ED6B5D8006B1D4D /* Sources */,
				6D0E82F11ED6B5D8006B1D4D /* Frameworks */,
				6D0E82F21ED6B5D8006B1D4D /* Resources */,
				D455D15A0CE0F927FB5BF5A1 /* [CP] Embed Pods Frameworks */,
				A488BF5F8800A1903D528FEB /* [CP] Copy Pods Resources */,
			);
			buildRules = (
			);
			dependencies = (
				6D0E82F61ED6B5D8006B1D4D /* PBXTargetDependency */,
			);
			name = YeahMinTests;
			productName = YeahMinTests;
			productReference = 6D0E82F41ED6B5D8006B1D4D /* YeahMinTests.xctest */;
			productType = "com.apple.product-type.bundle.unit-test";
		};
/* End PBXNativeTarget section */

/* Begin PBXProject section */
		6D0E82D31ED6B5D8006B1D4D /* Project object */ = {
			isa = PBXProject;
			attributes = {
				LastUpgradeCheck = 0820;
				ORGANIZATIONNAME = "김민아";
				TargetAttributes = {
					6D0E82DA1ED6B5D8006B1D4D = {
						CreatedOnToolsVersion = 8.2.1;
						DevelopmentTeam = A87J69XM38;
						ProvisioningStyle = Automatic;
					};
					6D0E82F31ED6B5D8006B1D4D = {
						CreatedOnToolsVersion = 8.2.1;
						ProvisioningStyle = Automatic;
						TestTargetID = 6D0E82DA1ED6B5D8006B1D4D;
					};
				};
			};
			buildConfigurationList = 6D0E82D61ED6B5D8006B1D4D /* Build configuration list for PBXProject "YeahMin" */;
			compatibilityVersion = "Xcode 3.2";
			developmentRegion = English;
			hasScannedForEncodings = 0;
			knownRegions = (
				en,
				Base,
			);
			mainGroup = 6D0E82D21ED6B5D8006B1D4D;
			productRefGroup = 6D0E82DC1ED6B5D8006B1D4D /* Products */;
			projectDirPath = "";
			projectRoot = "";
			targets = (
				6D0E82DA1ED6B5D8006B1D4D /* YeahMin */,
				6D0E82F31ED6B5D8006B1D4D /* YeahMinTests */,
			);
		};
/* End PBXProject section */

/* Begin PBXResourcesBuildPhase section */
		6D0E82D91ED6B5D8006B1D4D /* Resources */ = {
			isa = PBXResourcesBuildPhase;
			buildActionMask = 2147483647;
			files = (
				6D5B2DD81ED7F3C900F6F7C8 /* AlarmViewController.xib in Resources */,
				6D5B2DE01ED81C1100F6F7C8 /* ListCell.xib in Resources */,
				6D0E83401ED6DB04006B1D4D /* heart.png in Resources */,
				6D0E83471ED6DB04006B1D4D /* maincard_background.png in Resources */,
				6D0E834B1ED6DB04006B1D4D /* nonheart.png in Resources */,
				6D0E83481ED6DB04006B1D4D /* maincard_background1.png in Resources */,
				6D0E82EE1ED6B5D8006B1D4D /* LaunchScreen.storyboard in Resources */,
				6D0E833B1ED6DB04006B1D4D /* btn_back2.png in Resources */,
				6D0E82EB1ED6B5D8006B1D4D /* Assets.xcassets in Resources */,
				6D0E83381ED6DB04006B1D4D /* btn_addfriend_background.png in Resources */,
				6D0E83461ED6DB04006B1D4D /* main_background2.png in Resources */,
				6D0E83451ED6DB04006B1D4D /* main_background.png in Resources */,
				6D0E83391ED6DB04006B1D4D /* btn_alarm.png in Resources */,
				6D0E834A1ED6DB04006B1D4D /* maincard_topper.png in Resources */,
				6D0E831A1ED6CF75006B1D4D /* MainCell.xib in Resources */,
				6D0E83351ED6DB04006B1D4D /* addfriend_background.png in Resources */,
				6D0E83441ED6DB04006B1D4D /* list_round.png in Resources */,
				6D0E82E91ED6B5D8006B1D4D /* Main.storyboard in Resources */,
				6D0E83361ED6DB04006B1D4D /* addsasohan_background.png in Resources */,
				6D0E83411ED6DB04006B1D4D /* img_pic.png in Resources */,
				6D0E83421ED6DB04006B1D4D /* imgq.png in Resources */,
				6D0E83431ED6DB04006B1D4D /* list_background.png in Resources */,
				6D0E834D1ED6DB04006B1D4D /* ssh.png in Resources */,
				6D0E833D1ED6DB04006B1D4D /* btn_gotolist.png in Resources */,
				6D0E83371ED6DB04006B1D4D /* btn_add.png in Resources */,
				6D0E833F1ED6DB04006B1D4D /* edit.png in Resources */,
				6D0E833C1ED6DB04006B1D4D /* btn_cancel.png in Resources */,
				6D0E833A1ED6DB04006B1D4D /* btn_back.png in Resources */,
				6D0E83491ED6DB04006B1D4D /* maincard_shadow.png in Resources */,
				6D0E834C1ED6DB04006B1D4D /* outline.png in Resources */,
				6D0E833E1ED6DB04006B1D4D /* btn_save.png in Resources */,
			);
			runOnlyForDeploymentPostprocessing = 0;
		};
		6D0E82F21ED6B5D8006B1D4D /* Resources */ = {
			isa = PBXResourcesBuildPhase;
			buildActionMask = 2147483647;
			files = (
			);
			runOnlyForDeploymentPostprocessing = 0;
		};
/* End PBXResourcesBuildPhase section */

/* Begin PBXShellScriptBuildPhase section */
		1A2F80C9EB48A49A4DA0C92B /* [CP] Check Pods Manifest.lock */ = {
			isa = PBXShellScriptBuildPhase;
			buildActionMask = 2147483647;
			files = (
			);
			inputPaths = (
			);
			name = "[CP] Check Pods Manifest.lock";
			outputPaths = (
			);
			runOnlyForDeploymentPostprocessing = 0;
			shellPath = /bin/sh;
			shellScript = "diff \"${PODS_ROOT}/../Podfile.lock\" \"${PODS_ROOT}/Manifest.lock\" > /dev/null\nif [ $? != 0 ] ; then\n    # print error to STDERR\n    echo \"error: The sandbox is not in sync with the Podfile.lock. Run 'pod install' or update your CocoaPods installation.\" >&2\n    exit 1\nfi\n";
			showEnvVarsInLog = 0;
		};
		53A87A446E8BA9E8510F317E /* [CP] Copy Pods Resources */ = {
			isa = PBXShellScriptBuildPhase;
			buildActionMask = 2147483647;
			files = (
			);
			inputPaths = (
			);
			name = "[CP] Copy Pods Resources";
			outputPaths = (
			);
			runOnlyForDeploymentPostprocessing = 0;
			shellPath = /bin/sh;
			shellScript = "\"${SRCROOT}/Pods/Target Support Files/Pods-YeahMin/Pods-YeahMin-resources.sh\"\n";
			showEnvVarsInLog = 0;
		};
		5B1070C4FEF41586B8ACA5A5 /* [CP] Embed Pods Frameworks */ = {
			isa = PBXShellScriptBuildPhase;
			buildActionMask = 2147483647;
			files = (
			);
			inputPaths = (
			);
			name = "[CP] Embed Pods Frameworks";
			outputPaths = (
			);
			runOnlyForDeploymentPostprocessing = 0;
			shellPath = /bin/sh;
			shellScript = "\"${SRCROOT}/Pods/Target Support Files/Pods-YeahMin/Pods-YeahMin-frameworks.sh\"\n";
			showEnvVarsInLog = 0;
		};
		A488BF5F8800A1903D528FEB /* [CP] Copy Pods Resources */ = {
			isa = PBXShellScriptBuildPhase;
			buildActionMask = 2147483647;
			files = (
			);
			inputPaths = (
			);
			name = "[CP] Copy Pods Resources";
			outputPaths = (
			);
			runOnlyForDeploymentPostprocessing = 0;
			shellPath = /bin/sh;
			shellScript = "\"${SRCROOT}/Pods/Target Support Files/Pods-YeahMinTests/Pods-YeahMinTests-resources.sh\"\n";
			showEnvVarsInLog = 0;
		};
		D1AAA074F28578A05AB83AC6 /* [CP] Check Pods Manifest.lock */ = {
			isa = PBXShellScriptBuildPhase;
			buildActionMask = 2147483647;
			files = (
			);
			inputPaths = (
			);
			name = "[CP] Check Pods Manifest.lock";
			outputPaths = (
			);
			runOnlyForDeploymentPostprocessing = 0;
			shellPath = /bin/sh;
			shellScript = "diff \"${PODS_ROOT}/../Podfile.lock\" \"${PODS_ROOT}/Manifest.lock\" > /dev/null\nif [ $? != 0 ] ; then\n    # print error to STDERR\n    echo \"error: The sandbox is not in sync with the Podfile.lock. Run 'pod install' or update your CocoaPods installation.\" >&2\n    exit 1\nfi\n";
			showEnvVarsInLog = 0;
		};
		D455D15A0CE0F927FB5BF5A1 /* [CP] Embed Pods Frameworks */ = {
			isa = PBXShellScriptBuildPhase;
			buildActionMask = 2147483647;
			files = (
			);
			inputPaths = (
			);
			name = "[CP] Embed Pods Frameworks";
			outputPaths = (
			);
			runOnlyForDeploymentPostprocessing = 0;
			shellPath = /bin/sh;
			shellScript = "\"${SRCROOT}/Pods/Target Support Files/Pods-YeahMinTests/Pods-YeahMinTests-frameworks.sh\"\n";
			showEnvVarsInLog = 0;
		};
/* End PBXShellScriptBuildPhase section */

/* Begin PBXSourcesBuildPhase section */
		6D0E82D71ED6B5D8006B1D4D /* Sources */ = {
			isa = PBXSourcesBuildPhase;
			buildActionMask = 2147483647;
			files = (
				6D0E83111ED6C28F006B1D4D /* MATools.m in Sources */,
				6D5B2DDF1ED81C1100F6F7C8 /* ListCell.m in Sources */,
				6D0E83081ED6C06E006B1D4D /* FriendListViewController.m in Sources */,
				6D5B2DDB1ED7FAC900F6F7C8 /* BaseViewController.m in Sources */,
				6D0E82E31ED6B5D8006B1D4D /* AppDelegate.m in Sources */,
				6D0E83051ED6BFD8006B1D4D /* MainViewController.m in Sources */,
				6D0E83141ED6C311006B1D4D /* LibraryClass.m in Sources */,
				6D0E830E1ED6C0AA006B1D4D /* FriendDetailViewController.m in Sources */,
				6D5B2DD71ED7F3C900F6F7C8 /* AlarmViewController.m in Sources */,
				6D0E82E01ED6B5D8006B1D4D /* main.m in Sources */,
				6D0E830B1ED6C08C006B1D4D /* AddFriendViewController.m in Sources */,
				6D42E2E21EE015E90037B0C3 /* YRCoverFlowLayout.m in Sources */,
				6D0E83191ED6CF75006B1D4D /* MainCell.m in Sources */,
			);
			runOnlyForDeploymentPostprocessing = 0;
		};
		6D0E82F01ED6B5D8006B1D4D /* Sources */ = {
			isa = PBXSourcesBuildPhase;
			buildActionMask = 2147483647;
			files = (
				6D0E82F91ED6B5D8006B1D4D /* YeahMinTests.m in Sources */,
			);
			runOnlyForDeploymentPostprocessing = 0;
		};
/* End PBXSourcesBuildPhase section */

/* Begin PBXTargetDependency section */
		6D0E82F61ED6B5D8006B1D4D /* PBXTargetDependency */ = {
			isa = PBXTargetDependency;
			target = 6D0E82DA1ED6B5D8006B1D4D /* YeahMin */;
			targetProxy = 6D0E82F51ED6B5D8006B1D4D /* PBXContainerItemProxy */;
		};
/* End PBXTargetDependency section */

/* Begin PBXVariantGroup section */
		6D0E82E71ED6B5D8006B1D4D /* Main.storyboard */ = {
			isa = PBXVariantGroup;
			children = (
				6D0E82E81ED6B5D8006B1D4D /* Base */,
			);
			name = Main.storyboard;
			sourceTree = "<group>";
		};
		6D0E82EC1ED6B5D8006B1D4D /* LaunchScreen.storyboard */ = {
			isa = PBXVariantGroup;
			children = (
				6D0E82ED1ED6B5D8006B1D4D /* Base */,
			);
			name = LaunchScreen.storyboard;
			sourceTree = "<group>";
		};
/* End PBXVariantGroup section */

/* Begin XCBuildConfiguration section */
		6D0E82FB1ED6B5D8006B1D4D /* Debug */ = {
			isa = XCBuildConfiguration;
			buildSettings = {
				ALWAYS_SEARCH_USER_PATHS = NO;
				CLANG_ANALYZER_NONNULL = YES;
				CLANG_CXX_LANGUAGE_STANDARD = "gnu++0x";
				CLANG_CXX_LIBRARY = "libc++";
				CLANG_ENABLE_MODULES = YES;
				CLANG_ENABLE_OBJC_ARC = YES;
				CLANG_WARN_BOOL_CONVERSION = YES;
				CLANG_WARN_CONSTANT_CONVERSION = YES;
				CLANG_WARN_DIRECT_OBJC_ISA_USAGE = YES_ERROR;
				CLANG_WARN_DOCUMENTATION_COMMENTS = YES;
				CLANG_WARN_EMPTY_BODY = YES;
				CLANG_WARN_ENUM_CONVERSION = YES;
				CLANG_WARN_INFINITE_RECURSION = YES;
				CLANG_WARN_INT_CONVERSION = YES;
				CLANG_WARN_OBJC_ROOT_CLASS = YES_ERROR;
				CLANG_WARN_SUSPICIOUS_MOVE = YES;
				CLANG_WARN_UNREACHABLE_CODE = YES;
				CLANG_WARN__DUPLICATE_METHOD_MATCH = YES;
				"CODE_SIGN_IDENTITY[sdk=iphoneos*]" = "iPhone Developer";
				COPY_PHASE_STRIP = NO;
				DEBUG_INFORMATION_FORMAT = dwarf;
				ENABLE_STRICT_OBJC_MSGSEND = YES;
				ENABLE_TESTABILITY = YES;
				GCC_C_LANGUAGE_STANDARD = gnu99;
				GCC_DYNAMIC_NO_PIC = NO;
				GCC_NO_COMMON_BLOCKS = YES;
				GCC_OPTIMIZATION_LEVEL = 0;
				GCC_PREPROCESSOR_DEFINITIONS = (
					"DEBUG=1",
					"$(inherited)",
				);
				GCC_WARN_64_TO_32_BIT_CONVERSION = YES;
				GCC_WARN_ABOUT_RETURN_TYPE = YES_ERROR;
				GCC_WARN_UNDECLARED_SELECTOR = YES;
				GCC_WARN_UNINITIALIZED_AUTOS = YES_AGGRESSIVE;
				GCC_WARN_UNUSED_FUNCTION = YES;
				GCC_WARN_UNUSED_VARIABLE = YES;
				IPHONEOS_DEPLOYMENT_TARGET = 10.2;
				MTL_ENABLE_DEBUG_INFO = YES;
				ONLY_ACTIVE_ARCH = YES;
				SDKROOT = iphoneos;
			};
			name = Debug;
		};
		6D0E82FC1ED6B5D8006B1D4D /* Release */ = {
			isa = XCBuildConfiguration;
			buildSettings = {
				ALWAYS_SEARCH_USER_PATHS = NO;
				CLANG_ANALYZER_NONNULL = YES;
				CLANG_CXX_LANGUAGE_STANDARD = "gnu++0x";
				CLANG_CXX_LIBRARY = "libc++";
				CLANG_ENABLE_MODULES = YES;
				CLANG_ENABLE_OBJC_ARC = YES;
				CLANG_WARN_BOOL_CONVERSION = YES;
				CLANG_WARN_CONSTANT_CONVERSION = YES;
				CLANG_WARN_DIRECT_OBJC_ISA_USAGE = YES_ERROR;
				CLANG_WARN_DOCUMENTATION_COMMENTS = YES;
				CLANG_WARN_EMPTY_BODY = YES;
				CLANG_WARN_ENUM_CONVERSION = YES;
				CLANG_WARN_INFINITE_RECURSION = YES;
				CLANG_WARN_INT_CONVERSION = YES;
				CLANG_WARN_OBJC_ROOT_CLASS = YES_ERROR;
				CLANG_WARN_SUSPICIOUS_MOVE = YES;
				CLANG_WARN_UNREACHABLE_CODE = YES;
				CLANG_WARN__DUPLICATE_METHOD_MATCH = YES;
				"CODE_SIGN_IDENTITY[sdk=iphoneos*]" = "iPhone Developer";
				COPY_PHASE_STRIP = NO;
				DEBUG_INFORMATION_FORMAT = "dwarf-with-dsym";
				ENABLE_NS_ASSERTIONS = NO;
				ENABLE_STRICT_OBJC_MSGSEND = YES;
				GCC_C_LANGUAGE_STANDARD = gnu99;
				GCC_NO_COMMON_BLOCKS = YES;
				GCC_WARN_64_TO_32_BIT_CONVERSION = YES;
				GCC_WARN_ABOUT_RETURN_TYPE = YES_ERROR;
				GCC_WARN_UNDECLARED_SELECTOR = YES;
				GCC_WARN_UNINITIALIZED_AUTOS = YES_AGGRESSIVE;
				GCC_WARN_UNUSED_FUNCTION = YES;
				GCC_WARN_UNUSED_VARIABLE = YES;
				IPHONEOS_DEPLOYMENT_TARGET = 10.2;
				MTL_ENABLE_DEBUG_INFO = NO;
				SDKROOT = iphoneos;
				VALIDATE_PRODUCT = YES;
			};
			name = Release;
		};
		6D0E82FE1ED6B5D8006B1D4D /* Debug */ = {
			isa = XCBuildConfiguration;
			baseConfigurationReference = 06FCAAA0325031CB59D09AA1 /* Pods-YeahMin.debug.xcconfig */;
			buildSettings = {
				ASSETCATALOG_COMPILER_APPICON_NAME = AppIcon;
				DEVELOPMENT_TEAM = A87J69XM38;
				GCC_PREFIX_HEADER = "${SRCROOT}/${PROJECT_NAME}/PrefixHeader.pch";
				INFOPLIST_FILE = YeahMin/Info.plist;
				IPHONEOS_DEPLOYMENT_TARGET = 8.0;
				LD_RUNPATH_SEARCH_PATHS = "$(inherited) @executable_path/Frameworks";
				PRODUCT_BUNDLE_IDENTIFIER = com.YeahMin;
				PRODUCT_NAME = "$(TARGET_NAME)";
			};
			name = Debug;
		};
		6D0E82FF1ED6B5D8006B1D4D /* Release */ = {
			isa = XCBuildConfiguration;
			baseConfigurationReference = 0FBB496EA256AC5162858DC6 /* Pods-YeahMin.release.xcconfig */;
			buildSettings = {
				ASSETCATALOG_COMPILER_APPICON_NAME = AppIcon;
				DEVELOPMENT_TEAM = A87J69XM38;
				GCC_PREFIX_HEADER = "${SRCROOT}/${PROJECT_NAME}/PrefixHeader.pch";
				INFOPLIST_FILE = YeahMin/Info.plist;
				IPHONEOS_DEPLOYMENT_TARGET = 8.0;
				LD_RUNPATH_SEARCH_PATHS = "$(inherited) @executable_path/Frameworks";
				PRODUCT_BUNDLE_IDENTIFIER = com.YeahMin;
				PRODUCT_NAME = "$(TARGET_NAME)";
			};
			name = Release;
		};
		6D0E83011ED6B5D8006B1D4D /* Debug */ = {
			isa = XCBuildConfiguration;
			baseConfigurationReference = DE0A9B60FB29DDA80188C099 /* Pods-YeahMinTests.debug.xcconfig */;
			buildSettings = {
				BUNDLE_LOADER = "$(TEST_HOST)";
				INFOPLIST_FILE = YeahMinTests/Info.plist;
				LD_RUNPATH_SEARCH_PATHS = "$(inherited) @executable_path/Frameworks @loader_path/Frameworks";
				PRODUCT_BUNDLE_IDENTIFIER = com.YeahMinTests;
				PRODUCT_NAME = "$(TARGET_NAME)";
				TEST_HOST = "$(BUILT_PRODUCTS_DIR)/YeahMin.app/YeahMin";
			};
			name = Debug;
		};
		6D0E83021ED6B5D8006B1D4D /* Release */ = {
			isa = XCBuildConfiguration;
			baseConfigurationReference = E02A46B912B2EB5EC74715BA /* Pods-YeahMinTests.release.xcconfig */;
			buildSettings = {
				BUNDLE_LOADER = "$(TEST_HOST)";
				INFOPLIST_FILE = YeahMinTests/Info.plist;
				LD_RUNPATH_SEARCH_PATHS = "$(inherited) @executable_path/Frameworks @loader_path/Frameworks";
				PRODUCT_BUNDLE_IDENTIFIER = com.YeahMinTests;
				PRODUCT_NAME = "$(TARGET_NAME)";
				TEST_HOST = "$(BUILT_PRODUCTS_DIR)/YeahMin.app/YeahMin";
			};
			name = Release;
		};
/* End XCBuildConfiguration section */

/* Begin XCConfigurationList section */
		6D0E82D61ED6B5D8006B1D4D /* Build configuration list for PBXProject "YeahMin" */ = {
			isa = XCConfigurationList;
			buildConfigurations = (
				6D0E82FB1ED6B5D8006B1D4D /* Debug */,
				6D0E82FC1ED6B5D8006B1D4D /* Release */,
			);
			defaultConfigurationIsVisible = 0;
			defaultConfigurationName = Release;
		};
		6D0E82FD1ED6B5D8006B1D4D /* Build configuration list for PBXNativeTarget "YeahMin" */ = {
			isa = XCConfigurationList;
			buildConfigurations = (
				6D0E82FE1ED6B5D8006B1D4D /* Debug */,
				6D0E82FF1ED6B5D8006B1D4D /* Release */,
			);
			defaultConfigurationIsVisible = 0;
			defaultConfigurationName = Release;
		};
		6D0E83001ED6B5D8006B1D4D /* Build configuration list for PBXNativeTarget "YeahMinTests" */ = {
			isa = XCConfigurationList;
			buildConfigurations = (
				6D0E83011ED6B5D8006B1D4D /* Debug */,
				6D0E83021ED6B5D8006B1D4D /* Release */,
			);
			defaultConfigurationIsVisible = 0;
			defaultConfigurationName = Release;
		};
/* End XCConfigurationList section */
	};
	rootObject = 6D0E82D31ED6B5D8006B1D4D /* Project object */;
}
